
Microsoft Visual Studio Solution File, Format Version 12.00
# Visual Studio Version 16
VisualStudioVersion = 16.0.29123.88
MinimumVisualStudioVersion = 10.0.40219.1
Project("{FAE04EC0-301F-11D3-BF4B-00C04F79EFBC}") = "Snake_AI", "Snake_AI\Snake_AI.csproj", "{BC97AFA6-EA7D-4AA8-9DE5-AEA4BC4AA721}"
EndProject
Global
	GlobalSection(SolutionConfigurationPlatforms) = preSolution
		Debug|Any CPU = Debug|Any CPU
		Release|Any CPU = Release|Any CPU
	EndGlobalSection
	GlobalSection(ProjectConfigurationPlatforms) = postSolution
		{BC97AFA6-EA7D-4AA8-9DE5-AEA4BC4AA721}.Debug|Any CPU.ActiveCfg = Debug|Any CPU
		{BC97AFA6-EA7D-4AA8-9DE5-AEA4BC4AA721}.Debug|Any CPU.Build.0 = Debug|Any CPU
		{BC97AFA6-EA7D-4AA8-9DE5-AEA4BC4AA721}.Release|Any CPU.ActiveCfg = Release|Any CPU
		{BC97AFA6-EA7D-4AA8-9DE5-AEA4BC4AA721}.Release|Any CPU.Build.0 = Release|Any CPU
	EndGlobalSection
	GlobalSection(SolutionProperties) = preSolution
		HideSolutionNode = FALSE
	EndGlobalSection
	GlobalSection(ExtensibilityGlobals) = postSolution
		SolutionGuid = {3A600231-EF39-4ECA-A70E-65208863761E}
	EndGlobalSection
EndGlobal
